
Microsoft Visual Studio Solution File, Format Version 12.00
# Visual Studio Version 16
VisualStudioVersion = 16.0.30204.135
MinimumVisualStudioVersion = 10.0.40219.1
Project("{FAE04EC0-301F-11D3-BF4B-00C04F79EFBC}") = "Some_Learning_Stuff", "Some_Learning_Stuff\Some_Learning_Stuff.csproj", "{489BF7A0-061B-4002-B9CC-4213A0F03082}"
EndProject
Global
	GlobalSection(SolutionConfigurationPlatforms) = preSolution
		Debug|Any CPU = Debug|Any CPU
		Release|Any CPU = Release|Any CPU
	EndGlobalSection
	GlobalSection(ProjectConfigurationPlatforms) = postSolution
		{489BF7A0-061B-4002-B9CC-4213A0F03082}.Debug|Any CPU.ActiveCfg = Debug|Any CPU
		{489BF7A0-061B-4002-B9CC-4213A0F03082}.Debug|Any CPU.Build.0 = Debug|Any CPU
		{489BF7A0-061B-4002-B9CC-4213A0F03082}.Release|Any CPU.ActiveCfg = Release|Any CPU
		{489BF7A0-061B-4002-B9CC-4213A0F03082}.Release|Any CPU.Build.0 = Release|Any CPU
	EndGlobalSection
	GlobalSection(SolutionProperties) = preSolution
		HideSolutionNode = FALSE
	EndGlobalSection
	GlobalSection(ExtensibilityGlobals) = postSolution
		SolutionGuid = {99448EEB-148A-4681-9691-6D1E9B73F64C}
	EndGlobalSection
EndGlobal
